
Microsoft Visual Studio Solution File, Format Version 12.00
# Visual Studio Version 16
VisualStudioVersion = 16.0.30413.136
MinimumVisualStudioVersion = 10.0.40219.1
Project("{FAE04EC0-301F-11D3-BF4B-00C04F79EFBC}") = "CraftopiaMerger", "CraftopiaMerger\CraftopiaMerger.csproj", "{6CC84CDB-4E9E-45DE-A8A7-A0BCABE8A5B7}"
EndProject
Global
	GlobalSection(SolutionConfigurationPlatforms) = preSolution
		Debug|Any CPU = Debug|Any CPU
		Release|Any CPU = Release|Any CPU
	EndGlobalSection
	GlobalSection(ProjectConfigurationPlatforms) = postSolution
		{6CC84CDB-4E9E-45DE-A8A7-A0BCABE8A5B7}.Debug|Any CPU.ActiveCfg = Debug|Any CPU
		{6CC84CDB-4E9E-45DE-A8A7-A0BCABE8A5B7}.Debug|Any CPU.Build.0 = Debug|Any CPU
		{6CC84CDB-4E9E-45DE-A8A7-A0BCABE8A5B7}.Release|Any CPU.ActiveCfg = Release|Any CPU
		{6CC84CDB-4E9E-45DE-A8A7-A0BCABE8A5B7}.Release|Any CPU.Build.0 = Release|Any CPU
	EndGlobalSection
	GlobalSection(SolutionProperties) = preSolution
		HideSolutionNode = FALSE
	EndGlobalSection
	GlobalSection(ExtensibilityGlobals) = postSolution
		SolutionGuid = {45926660-3B6E-431C-BF19-AEF7D44430A0}
	EndGlobalSection
EndGlobal
